
Microsoft Visual Studio Solution File, Format Version 12.00
# Visual Studio Version 17
VisualStudioVersion = 17.12.35728.132 d17.12
MinimumVisualStudioVersion = 10.0.40219.1
Project("{FAE04EC0-301F-11D3-BF4B-00C04F79EFBC}") = "HeartsGame2", "HeartsGame2.csproj", "{90402A79-B87B-4276-B39E-D9511C250394}"
EndProject
Global
	GlobalSection(SolutionConfigurationPlatforms) = preSolution
		Debug|Any CPU = Debug|Any CPU
		Release|Any CPU = Release|Any CPU
	EndGlobalSection
	GlobalSection(ProjectConfigurationPlatforms) = postSolution
		{90402A79-B87B-4276-B39E-D9511C250394}.Debug|Any CPU.ActiveCfg = Debug|Any CPU
		{90402A79-B87B-4276-B39E-D9511C250394}.Debug|Any CPU.Build.0 = Debug|Any CPU
		{90402A79-B87B-4276-B39E-D9511C250394}.Release|Any CPU.ActiveCfg = Release|Any CPU
		{90402A79-B87B-4276-B39E-D9511C250394}.Release|Any CPU.Build.0 = Release|Any CPU
	EndGlobalSection
	GlobalSection(SolutionProperties) = preSolution
		HideSolutionNode = FALSE
	EndGlobalSection
EndGlobal
